
Microsoft Visual Studio Solution File, Format Version 12.00
# Visual Studio Version 17
VisualStudioVersion = 17.0.31903.59
MinimumVisualStudioVersion = 10.0.40219.1
Project("{FAE04EC0-301F-11D3-BF4B-00C04F79EFBC}") = "API", "API\API.csproj", "{4EAB5402-BD5F-4232-8350-2F9AE3B15ACF}"
EndProject
Project("{FAE04EC0-301F-11D3-BF4B-00C04F79EFBC}") = "Application", "Application\Application.csproj", "{246A6FC1-EF37-40C6-B039-516A4422AC58}"
EndProject
Project("{FAE04EC0-301F-11D3-BF4B-00C04F79EFBC}") = "Domain", "Domain\Domain.csproj", "{B862B6D0-F4DC-4610-9FE9-ABF9FD5F0394}"
EndProject
Project("{FAE04EC0-301F-11D3-BF4B-00C04F79EFBC}") = "Persistence", "Persistence\Persistence.csproj", "{A36FAEFA-D7DF-4F7A-8DB0-42AE2EBAC953}"
EndProject
Global
	GlobalSection(SolutionConfigurationPlatforms) = preSolution
		Debug|Any CPU = Debug|Any CPU
		Release|Any CPU = Release|Any CPU
	EndGlobalSection
	GlobalSection(SolutionProperties) = preSolution
		HideSolutionNode = FALSE
	EndGlobalSection
	GlobalSection(ProjectConfigurationPlatforms) = postSolution
		{4EAB5402-BD5F-4232-8350-2F9AE3B15ACF}.Debug|Any CPU.ActiveCfg = Debug|Any CPU
		{4EAB5402-BD5F-4232-8350-2F9AE3B15ACF}.Debug|Any CPU.Build.0 = Debug|Any CPU
		{4EAB5402-BD5F-4232-8350-2F9AE3B15ACF}.Release|Any CPU.ActiveCfg = Release|Any CPU
		{4EAB5402-BD5F-4232-8350-2F9AE3B15ACF}.Release|Any CPU.Build.0 = Release|Any CPU
		{246A6FC1-EF37-40C6-B039-516A4422AC58}.Debug|Any CPU.ActiveCfg = Debug|Any CPU
		{246A6FC1-EF37-40C6-B039-516A4422AC58}.Debug|Any CPU.Build.0 = Debug|Any CPU
		{246A6FC1-EF37-40C6-B039-516A4422AC58}.Release|Any CPU.ActiveCfg = Release|Any CPU
		{246A6FC1-EF37-40C6-B039-516A4422AC58}.Release|Any CPU.Build.0 = Release|Any CPU
		{B862B6D0-F4DC-4610-9FE9-ABF9FD5F0394}.Debug|Any CPU.ActiveCfg = Debug|Any CPU
		{B862B6D0-F4DC-4610-9FE9-ABF9FD5F0394}.Debug|Any CPU.Build.0 = Debug|Any CPU
		{B862B6D0-F4DC-4610-9FE9-ABF9FD5F0394}.Release|Any CPU.ActiveCfg = Release|Any CPU
		{B862B6D0-F4DC-4610-9FE9-ABF9FD5F0394}.Release|Any CPU.Build.0 = Release|Any CPU
		{A36FAEFA-D7DF-4F7A-8DB0-42AE2EBAC953}.Debug|Any CPU.ActiveCfg = Debug|Any CPU
		{A36FAEFA-D7DF-4F7A-8DB0-42AE2EBAC953}.Debug|Any CPU.Build.0 = Debug|Any CPU
		{A36FAEFA-D7DF-4F7A-8DB0-42AE2EBAC953}.Release|Any CPU.ActiveCfg = Release|Any CPU
		{A36FAEFA-D7DF-4F7A-8DB0-42AE2EBAC953}.Release|Any CPU.Build.0 = Release|Any CPU
	EndGlobalSection
EndGlobal
